{
  "name": "local-pi-shared-extension-support",
  "lockfileVersion": 3,
  "requires": true,
  "packages": {
    "": {
      "name": "local-pi-shared-extension-support",
      "dependencies": {
        "diff": "8.0.4"
      }
    },
    "node_modules/diff": {
      "version": "8.0.4",
      "license": "BSD-3-Clause",
      "engines": {
        "node": ">=0.3.1"
      }
    }
  }
}
